// !$*UTF8*$!
{
	archiveVersion = 1;
	classes = {
	};
	objectVersion = 50;
	objects = {

/* Begin PBXBuildFile section */
		25382A9A20BDE3EA00B70BEB /* AppDelegate.swift in Sources */ = {isa = PBXBuildFile; fileRef = 25382A9920BDE3EA00B70BEB /* AppDelegate.swift */; };
		25382A9C20BDE3EA00B70BEB /* ViewController.swift in Sources */ = {isa = PBXBuildFile; fileRef = 25382A9B20BDE3EA00B70BEB /* ViewController.swift */; };
		25382A9F20BDE3EA00B70BEB /* Main.storyboard in Resources */ = {isa = PBXBuildFile; fileRef = 25382A9D20BDE3EA00B70BEB /* Main.storyboard */; };
		25382AA120BDE3ED00B70BEB /* Assets.xcassets in Resources */ = {isa = PBXBuildFile; fileRef = 25382AA020BDE3ED00B70BEB /* Assets.xcassets */; };
		25382AA420BDE3ED00B70BEB /* LaunchScreen.storyboard in Resources */ = {isa = PBXBuildFile; fileRef = 25382AA220BDE3ED00B70BEB /* LaunchScreen.storyboard */; };
		25382AAF20BDE3ED00B70BEB /* ConcentrationTests.swift in Sources */ = {isa = PBXBuildFile; fileRef = 25382AAE20BDE3ED00B70BEB /* ConcentrationTests.swift */; };
		25382ABA20BDE3ED00B70BEB /* ConcentrationUITests.swift in Sources */ = {isa = PBXBuildFile; fileRef = 25382AB920BDE3ED00B70BEB /* ConcentrationUITests.swift */; };
/* End PBXBuildFile section */

/* Begin PBXContainerItemProxy section */
		25382AAB20BDE3ED00B70BEB /* PBXContainerItemProxy */ = {
			isa = PBXContainerItemProxy;
			containerPortal = 25382A8E20BDE3EA00B70BEB /* Project object */;
			proxyType = 1;
			remoteGlobalIDString = 25382A9520BDE3EA00B70BEB;
			remoteInfo = Concentration;
		};
		25382AB620BDE3ED00B70BEB /* PBXContainerItemProxy */ = {
			isa = PBXContainerItemProxy;
			containerPortal = 25382A8E20BDE3EA00B70BEB /* Project object */;
			proxyType = 1;
			remoteGlobalIDString = 25382A9520BDE3EA00B70BEB;
			remoteInfo = Concentration;
		};
/* End PBXContainerItemProxy section */

/* Begin PBXFileReference section */
		25382A9620BDE3EA00B70BEB /* Concentration.app */ = {isa = PBXFileReference; explicitFileType = wrapper.application; includeInIndex = 0; path = Concentration.app; sourceTree = BUILT_PRODUCTS_DIR; };
		25382A9920BDE3EA00B70BEB /* AppDelegate.swift */ = {isa = PBXFileReference; lastKnownFileType = sourcecode.swift; path = AppDelegate.swift; sourceTree = "<group>"; };
		25382A9B20BDE3EA00B70BEB /* ViewController.swift */ = {isa = PBXFileReference; lastKnownFileType = sourcecode.swift; path = ViewController.swift; sourceTree = "<group>"; };
		25382A9E20BDE3EA00B70BEB /* Base */ = {isa = PBXFileReference; lastKnownFileType = file.storyboard; name = Base; path = Base.lproj/Main.storyboard; sourceTree = "<group>"; };
		25382AA020BDE3ED00B70BEB /* Assets.xcassets */ = {isa = PBXFileReference; lastKnownFileType = folder.assetcatalog; path = Assets.xcassets; sourceTree = "<group>"; };
		25382AA320BDE3ED00B70BEB /* Base */ = {isa = PBXFileReference; lastKnownFileType = file.storyboard; name = Base; path = Base.lproj/LaunchScreen.storyboard; sourceTree = "<group>"; };
		25382AA520BDE3ED00B70BEB /* Info.plist */ = {isa = PBXFileReference; lastKnownFileType = text.plist.xml; path = Info.plist; sourceTree = "<group>"; };
		25382AAA20BDE3ED00B70BEB /* ConcentrationTests.xctest */ = {isa = PBXFileReference; explicitFileType = wrapper.cfbundle; includeInIndex = 0; path = ConcentrationTests.xctest; sourceTree = BUILT_PRODUCTS_DIR; };
		25382AAE20BDE3ED00B70BEB /* ConcentrationTests.swift */ = {isa = PBXFileReference; lastKnownFileType = sourcecode.swift; path = ConcentrationTests.swift; sourceTree = "<group>"; };
		25382AB020BDE3ED00B70BEB /* Info.plist */ = {isa = PBXFileReference; lastKnownFileType = text.plist.xml; path = Info.plist; sourceTree = "<group>"; };
		25382AB520BDE3ED00B70BEB /* ConcentrationUITests.xctest */ = {isa = PBXFileReference; explicitFileType = wrapper.cfbundle; includeInIndex = 0; path = ConcentrationUITests.xctest; sourceTree = BUILT_PRODUCTS_DIR; };
		25382AB920BDE3ED00B70BEB /* ConcentrationUITests.swift */ = {isa = PBXFileReference; lastKnownFileType = sourcecode.swift; path = ConcentrationUITests.swift; sourceTree = "<group>"; };
		25382ABB20BDE3ED00B70BEB /* Info.plist */ = {isa = PBXFileReference; lastKnownFileType = text.plist.xml; path = Info.plist; sourceTree = "<group>"; };
/* End PBXFileReference section */

/* Begin PBXFrameworksBuildPhase section */
		25382A9320BDE3EA00B70BEB /* Frameworks */ = {
			isa = PBXFrameworksBuildPhase;
			buildActionMask = 2147483647;
			files = (
			);
			runOnlyForDeploymentPostprocessing = 0;
		};
		25382AA720BDE3ED00B70BEB /* Frameworks */ = {
			isa = PBXFrameworksBuildPhase;
			buildActionMask = 2147483647;
			files = (
			);
			runOnlyForDeploymentPostprocessing = 0;
		};
		25382AB220BDE3ED00B70BEB /* Frameworks */ = {
			isa = PBXFrameworksBuildPhase;
			buildActionMask = 2147483647;
			files = (
			);
			runOnlyForDeploymentPostprocessing = 0;
		};
/* End PBXFrameworksBuildPhase section */

/* Begin PBXGroup section */
		25382A8D20BDE3EA00B70BEB = {
			isa = PBXGroup;
			children = (
				25382A9820BDE3EA00B70BEB /* Concentration */,
				25382AAD20BDE3ED00B70BEB /* ConcentrationTests */,
				25382AB820BDE3ED00B70BEB /* ConcentrationUITests */,
				25382A9720BDE3EA00B70BEB /* Products */,
			);
			sourceTree = "<group>";
		};
		25382A9720BDE3EA00B70BEB /* Products */ = {
			isa = PBXGroup;
			children = (
				25382A9620BDE3EA00B70BEB /* Concentration.app */,
				25382AAA20BDE3ED00B70BEB /* ConcentrationTests.xctest */,
				25382AB520BDE3ED00B70BEB /* ConcentrationUITests.xctest */,
			);
			name = Products;
			sourceTree = "<group>";
		};
		25382A9820BDE3EA00B70BEB /* Concentration */ = {
			isa = PBXGroup;
			children = (
				25382A9920BDE3EA00B70BEB /* AppDelegate.swift */,
				25382A9B20BDE3EA00B70BEB /* ViewController.swift */,
				25382A9D20BDE3EA00B70BEB /* Main.storyboard */,
				25382AA020BDE3ED00B70BEB /* Assets.xcassets */,
				25382AA220BDE3ED00B70BEB /* LaunchScreen.storyboard */,
				25382AA520BDE3ED00B70BEB /* Info.plist */,
			);
			path = Concentration;
			sourceTree = "<group>";
		};
		25382AAD20BDE3ED00B70BEB /* ConcentrationTests */ = {
			isa = PBXGroup;
			children = (
				25382AAE20BDE3ED00B70BEB /* ConcentrationTests.swift */,
				25382AB020BDE3ED00B70BEB /* Info.plist */,
			);
			path = ConcentrationTests;
			sourceTree = "<group>";
		};
		25382AB820BDE3ED00B70BEB /* ConcentrationUITests */ = {
			isa = PBXGroup;
			children = (
				25382AB920BDE3ED00B70BEB /* ConcentrationUITests.swift */,
				25382ABB20BDE3ED00B70BEB /* Info.plist */,
			);
			path = ConcentrationUITests;
			sourceTree = "<group>";
		};
/* End PBXGroup section */

/* Begin PBXNativeTarget section */
		25382A9520BDE3EA00B70BEB /* Concentration */ = {
			isa = PBXNativeTarget;
			buildConfigurationList = 25382ABE20BDE3ED00B70BEB /* Build configuration list for PBXNativeTarget "Concentration" */;
			buildPhases = (
				25382A9220BDE3EA00B70BEB /* Sources */,
				25382A9320BDE3EA00B70BEB /* Frameworks */,
				25382A9420BDE3EA00B70BEB /* Resources */,
			);
			buildRules = (
			);
			dependencies = (
			);
			name = Concentration;
			productName = Concentration;
			productReference = 25382A9620BDE3EA00B70BEB /* Concentration.app */;
			productType = "com.apple.product-type.application";
		};
		25382AA920BDE3ED00B70BEB /* ConcentrationTests */ = {
			isa = PBXNativeTarget;
			buildConfigurationList = 25382AC120BDE3ED00B70BEB /* Build configuration list for PBXNativeTarget "ConcentrationTests" */;
			buildPhases = (
				25382AA620BDE3ED00B70BEB /* Sources */,
				25382AA720BDE3ED00B70BEB /* Frameworks */,
				25382AA820BDE3ED00B70BEB /* Resources */,
			);
			buildRules = (
			);
			dependencies = (
				25382AAC20BDE3ED00B70BEB /* PBXTargetDependency */,
			);
			name = ConcentrationTests;
			productName = ConcentrationTests;
			productReference = 25382AAA20BDE3ED00B70BEB /* ConcentrationTests.xctest */;
			productType = "com.apple.product-type.bundle.unit-test";
		};
		25382AB420BDE3ED00B70BEB /* ConcentrationUITests */ = {
			isa = PBXNativeTarget;
			buildConfigurationList = 25382AC420BDE3ED00B70BEB /* Build configuration list for PBXNativeTarget "ConcentrationUITests" */;
			buildPhases = (
				25382AB120BDE3ED00B70BEB /* Sources */,
				25382AB220BDE3ED00B70BEB /* Frameworks */,
				25382AB320BDE3ED00B70BEB /* Resources */,
			);
			buildRules = (
			);
			dependencies = (
				25382AB720BDE3ED00B70BEB /* PBXTargetDependency */,
			);
			name = ConcentrationUITests;
			productName = ConcentrationUITests;
			productReference = 25382AB520BDE3ED00B70BEB /* ConcentrationUITests.xctest */;
			productType = "com.apple.product-type.bundle.ui-testing";
		};
/* End PBXNativeTarget section */

/* Begin PBXProject section */
		25382A8E20BDE3EA00B70BEB /* Project object */ = {
			isa = PBXProject;
			attributes = {
				LastSwiftUpdateCheck = 0930;
				LastUpgradeCheck = 0930;
				ORGANIZATIONNAME = "José Naves";
				TargetAttributes = {
					25382A9520BDE3EA00B70BEB = {
						CreatedOnToolsVersion = 9.3.1;
					};
					25382AA920BDE3ED00B70BEB = {
						CreatedOnToolsVersion = 9.3.1;
						TestTargetID = 25382A9520BDE3EA00B70BEB;
					};
					25382AB420BDE3ED00B70BEB = {
						CreatedOnToolsVersion = 9.3.1;
						TestTargetID = 25382A9520BDE3EA00B70BEB;
					};
				};
			};
			buildConfigurationList = 25382A9120BDE3EA00B70BEB /* Build configuration list for PBXProject "Concentration" */;
			compatibilityVersion = "Xcode 9.3";
			developmentRegion = en;
			hasScannedForEncodings = 0;
			knownRegions = (
				en,
				Base,
			);
			mainGroup = 25382A8D20BDE3EA00B70BEB;
			productRefGroup = 25382A9720BDE3EA00B70BEB /* Products */;
			projectDirPath = "";
			projectRoot = "";
			targets = (
				25382A9520BDE3EA00B70BEB /* Concentration */,
				25382AA920BDE3ED00B70BEB /* ConcentrationTests */,
				25382AB420BDE3ED00B70BEB /* ConcentrationUITests */,
			);
		};
/* End PBXProject section */

/* Begin PBXResourcesBuildPhase section */
		25382A9420BDE3EA00B70BEB /* Resources */ = {
			isa = PBXResourcesBuildPhase;
			buildActionMask = 2147483647;
			files = (
				25382AA420BDE3ED00B70BEB /* LaunchScreen.storyboard in Resources */,
				25382AA120BDE3ED00B70BEB /* Assets.xcassets in Resources */,
				25382A9F20BDE3EA00B70BEB /* Main.storyboard in Resources */,
			);
			runOnlyForDeploymentPostprocessing = 0;
		};
		25382AA820BDE3ED00B70BEB /* Resources */ = {
			isa = PBXResourcesBuildPhase;
			buildActionMask = 2147483647;
			files = (
			);
			runOnlyForDeploymentPostprocessing = 0;
		};
		25382AB320BDE3ED00B70BEB /* Resources */ = {
			isa = PBXResourcesBuildPhase;
			buildActionMask = 2147483647;
			files = (
			);
			runOnlyForDeploymentPostprocessing = 0;
		};
/* End PBXResourcesBuildPhase section */

/* Begin PBXSourcesBuildPhase section */
		25382A9220BDE3EA00B70BEB /* Sources */ = {
			isa = PBXSourcesBuildPhase;
			buildActionMask = 2147483647;
			files = (
				25382A9C20BDE3EA00B70BEB /* ViewController.swift in Sources */,
				25382A9A20BDE3EA00B70BEB /* AppDelegate.swift in Sources */,
			);
			runOnlyForDeploymentPostprocessing = 0;
		};
		25382AA620BDE3ED00B70BEB /* Sources */ = {
			isa = PBXSourcesBuildPhase;
			buildActionMask = 2147483647;
			files = (
				25382AAF20BDE3ED00B70BEB /* ConcentrationTests.swift in Sources */,
			);
			runOnlyForDeploymentPostprocessing = 0;
		};
		25382AB120BDE3ED00B70BEB /* Sources */ = {
			isa = PBXSourcesBuildPhase;
			buildActionMask = 2147483647;
			files = (
				25382ABA20BDE3ED00B70BEB /* ConcentrationUITests.swift in Sources */,
			);
			runOnlyForDeploymentPostprocessing = 0;
		};
/* End PBXSourcesBuildPhase section */

/* Begin PBXTargetDependency section */
		25382AAC20BDE3ED00B70BEB /* PBXTargetDependency */ = {
			isa = PBXTargetDependency;
			target = 25382A9520BDE3EA00B70BEB /* Concentration */;
			targetProxy = 25382AAB20BDE3ED00B70BEB /* PBXContainerItemProxy */;
		};
		25382AB720BDE3ED00B70BEB /* PBXTargetDependency */ = {
			isa = PBXTargetDependency;
			target = 25382A9520BDE3EA00B70BEB /* Concentration */;
			targetProxy = 25382AB620BDE3ED00B70BEB /* PBXContainerItemProxy */;
		};
/* End PBXTargetDependency section */

/* Begin PBXVariantGroup section */
		25382A9D20BDE3EA00B70BEB /* Main.storyboard */ = {
			isa = PBXVariantGroup;
			children = (
				25382A9E20BDE3EA00B70BEB /* Base */,
			);
			name = Main.storyboard;
			sourceTree = "<group>";
		};
		25382AA220BDE3ED00B70BEB /* LaunchScreen.storyboard */ = {
			isa = PBXVariantGroup;
			children = (
				25382AA320BDE3ED00B70BEB /* Base */,
			);
			name = LaunchScreen.storyboard;
			sourceTree = "<group>";
		};
/* End PBXVariantGroup section */

/* Begin XCBuildConfiguration section */
		25382ABC20BDE3ED00B70BEB /* Debug */ = {
			isa = XCBuildConfiguration;
			buildSettings = {
				ALWAYS_SEARCH_USER_PATHS = NO;
				CLANG_ANALYZER_NONNULL = YES;
				CLANG_ANALYZER_NUMBER_OBJECT_CONVERSION = YES_AGGRESSIVE;
				CLANG_CXX_LANGUAGE_STANDARD = "gnu++14";
				CLANG_CXX_LIBRARY = "libc++";
				CLANG_ENABLE_MODULES = YES;
				CLANG_ENABLE_OBJC_ARC = YES;
				CLANG_ENABLE_OBJC_WEAK = YES;
				CLANG_WARN_BLOCK_CAPTURE_AUTORELEASING = YES;
				CLANG_WARN_BOOL_CONVERSION = YES;
				CLANG_WARN_COMMA = YES;
				CLANG_WARN_CONSTANT_CONVERSION = YES;
				CLANG_WARN_DEPRECATED_OBJC_IMPLEMENTATIONS = YES;
				CLANG_WARN_DIRECT_OBJC_ISA_USAGE = YES_ERROR;
				CLANG_WARN_DOCUMENTATION_COMMENTS = YES;
				CLANG_WARN_EMPTY_BODY = YES;
				CLANG_WARN_ENUM_CONVERSION = YES;
				CLANG_WARN_INFINITE_RECURSION = YES;
				CLANG_WARN_INT_CONVERSION = YES;
				CLANG_WARN_NON_LITERAL_NULL_CONVERSION = YES;
				CLANG_WARN_OBJC_IMPLICIT_RETAIN_SELF = YES;
				CLANG_WARN_OBJC_LITERAL_CONVERSION = YES;
				CLANG_WARN_OBJC_ROOT_CLASS = YES_ERROR;
				CLANG_WARN_RANGE_LOOP_ANALYSIS = YES;
				CLANG_WARN_STRICT_PROTOTYPES = YES;
				CLANG_WARN_SUSPICIOUS_MOVE = YES;
				CLANG_WARN_UNGUARDED_AVAILABILITY = YES_AGGRESSIVE;
				CLANG_WARN_UNREACHABLE_CODE = YES;
				CLANG_WARN__DUPLICATE_METHOD_MATCH = YES;
				CODE_SIGN_IDENTITY = "iPhone Developer";
				COPY_PHASE_STRIP = NO;
				DEBUG_INFORMATION_FORMAT = dwarf;
				ENABLE_STRICT_OBJC_MSGSEND = YES;
				ENABLE_TESTABILITY = YES;
				GCC_C_LANGUAGE_STANDARD = gnu11;
				GCC_DYNAMIC_NO_PIC = NO;
				GCC_NO_COMMON_BLOCKS = YES;
				GCC_OPTIMIZATION_LEVEL = 0;
				GCC_PREPROCESSOR_DEFINITIONS = (
					"DEBUG=1",
					"$(inherited)",
				);
				GCC_WARN_64_TO_32_BIT_CONVERSION = YES;
				GCC_WARN_ABOUT_RETURN_TYPE = YES_ERROR;
				GCC_WARN_UNDECLARED_SELECTOR = YES;
				GCC_WARN_UNINITIALIZED_AUTOS = YES_AGGRESSIVE;
				GCC_WARN_UNUSED_FUNCTION = YES;
				GCC_WARN_UNUSED_VARIABLE = YES;
				IPHONEOS_DEPLOYMENT_TARGET = 11.3;
				MTL_ENABLE_DEBUG_INFO = YES;
				ONLY_ACTIVE_ARCH = YES;
				SDKROOT = iphoneos;
				SWIFT_ACTIVE_COMPILATION_CONDITIONS = DEBUG;
				SWIFT_OPTIMIZATION_LEVEL = "-Onone";
			};
			name = Debug;
		};
		25382ABD20BDE3ED00B70BEB /* Release */ = {
			isa = XCBuildConfiguration;
			buildSettings = {
				ALWAYS_SEARCH_USER_PATHS = NO;
				CLANG_ANALYZER_NONNULL = YES;
				CLANG_ANALYZER_NUMBER_OBJECT_CONVERSION = YES_AGGRESSIVE;
				CLANG_CXX_LANGUAGE_STANDARD = "gnu++14";
				CLANG_CXX_LIBRARY = "libc++";
				CLANG_ENABLE_MODULES = YES;
				CLANG_ENABLE_OBJC_ARC = YES;
				CLANG_ENABLE_OBJC_WEAK = YES;
				CLANG_WARN_BLOCK_CAPTURE_AUTORELEASING = YES;
				CLANG_WARN_BOOL_CONVERSION = YES;
				CLANG_WARN_COMMA = YES;
				CLANG_WARN_CONSTANT_CONVERSION = YES;
				CLANG_WARN_DEPRECATED_OBJC_IMPLEMENTATIONS = YES;
				CLANG_WARN_DIRECT_OBJC_ISA_USAGE = YES_ERROR;
				CLANG_WARN_DOCUMENTATION_COMMENTS = YES;
				CLANG_WARN_EMPTY_BODY = YES;
				CLANG_WARN_ENUM_CONVERSION = YES;
				CLANG_WARN_INFINITE_RECURSION = YES;
				CLANG_WARN_INT_CONVERSION = YES;
				CLANG_WARN_NON_LITERAL_NULL_CONVERSION = YES;
				CLANG_WARN_OBJC_IMPLICIT_RETAIN_SELF = YES;
				CLANG_WARN_OBJC_LITERAL_CONVERSION = YES;
				CLANG_WARN_OBJC_ROOT_CLASS = YES_ERROR;
				CLANG_WARN_RANGE_LOOP_ANALYSIS = YES;
				CLANG_WARN_STRICT_PROTOTYPES = YES;
				CLANG_WARN_SUSPICIOUS_MOVE = YES;
				CLANG_WARN_UNGUARDED_AVAILABILITY = YES_AGGRESSIVE;
				CLANG_WARN_UNREACHABLE_CODE = YES;
				CLANG_WARN__DUPLICATE_METHOD_MATCH = YES;
				CODE_SIGN_IDENTITY = "iPhone Developer";
				COPY_PHASE_STRIP = NO;
				DEBUG_INFORMATION_FORMAT = "dwarf-with-dsym";
				ENABLE_NS_ASSERTIONS = NO;
				ENABLE_STRICT_OBJC_MSGSEND = YES;
				GCC_C_LANGUAGE_STANDARD = gnu11;
				GCC_NO_COMMON_BLOCKS = YES;
				GCC_WARN_64_TO_32_BIT_CONVERSION = YES;
				GCC_WARN_ABOUT_RETURN_TYPE = YES_ERROR;
				GCC_WARN_UNDECLARED_SELECTOR = YES;
				GCC_WARN_UNINITIALIZED_AUTOS = YES_AGGRESSIVE;
				GCC_WARN_UNUSED_FUNCTION = YES;
				GCC_WARN_UNUSED_VARIABLE = YES;
				IPHONEOS_DEPLOYMENT_TARGET = 11.3;
				MTL_ENABLE_DEBUG_INFO = NO;
				SDKROOT = iphoneos;
				SWIFT_COMPILATION_MODE = wholemodule;
				SWIFT_OPTIMIZATION_LEVEL = "-O";
				VALIDATE_PRODUCT = YES;
			};
			name = Release;
		};
		25382ABF20BDE3ED00B70BEB /* Debug */ = {
			isa = XCBuildConfiguration;
			buildSettings = {
				ASSETCATALOG_COMPILER_APPICON_NAME = AppIcon;
				CODE_SIGN_STYLE = Automatic;
				DEVELOPMENT_TEAM = 8K8L59XB48;
				INFOPLIST_FILE = Concentration/Info.plist;
				LD_RUNPATH_SEARCH_PATHS = (
					"$(inherited)",
					"@executable_path/Frameworks",
				);
				PRODUCT_BUNDLE_IDENTIFIER = com.josenaves.cs193p.lecture.Concentration;
				PRODUCT_NAME = "$(TARGET_NAME)";
				SWIFT_VERSION = 4.0;
				TARGETED_DEVICE_FAMILY = "1,2";
			};
			name = Debug;
		};
		25382AC020BDE3ED00B70BEB /* Release */ = {
			isa = XCBuildConfiguration;
			buildSettings = {
				ASSETCATALOG_COMPILER_APPICON_NAME = AppIcon;
				CODE_SIGN_STYLE = Automatic;
				DEVELOPMENT_TEAM = 8K8L59XB48;
				INFOPLIST_FILE = Concentration/Info.plist;
				LD_RUNPATH_SEARCH_PATHS = (
					"$(inherited)",
					"@executable_path/Frameworks",
				);
				PRODUCT_BUNDLE_IDENTIFIER = com.josenaves.cs193p.lecture.Concentration;
				PRODUCT_NAME = "$(TARGET_NAME)";
				SWIFT_VERSION = 4.0;
				TARGETED_DEVICE_FAMILY = "1,2";
			};
			name = Release;
		};
		25382AC220BDE3ED00B70BEB /* Debug */ = {
			isa = XCBuildConfiguration;
			buildSettings = {
				ALWAYS_EMBED_SWIFT_STANDARD_LIBRARIES = YES;
				BUNDLE_LOADER = "$(TEST_HOST)";
				CODE_SIGN_STYLE = Automatic;
				DEVELOPMENT_TEAM = 8K8L59XB48;
				INFOPLIST_FILE = ConcentrationTests/Info.plist;
				LD_RUNPATH_SEARCH_PATHS = (
					"$(inherited)",
					"@executable_path/Frameworks",
					"@loader_path/Frameworks",
				);
				PRODUCT_BUNDLE_IDENTIFIER = com.josenaves.cs193p.lecture.ConcentrationTests;
				PRODUCT_NAME = "$(TARGET_NAME)";
				SWIFT_VERSION = 4.0;
				TARGETED_DEVICE_FAMILY = "1,2";
				TEST_HOST = "$(BUILT_PRODUCTS_DIR)/Concentration.app/Concentration";
			};
			name = Debug;
		};
		25382AC320BDE3ED00B70BEB /* Release */ = {
			isa = XCBuildConfiguration;
			buildSettings = {
				ALWAYS_EMBED_SWIFT_STANDARD_LIBRARIES = YES;
				BUNDLE_LOADER = "$(TEST_HOST)";
				CODE_SIGN_STYLE = Automatic;
				DEVELOPMENT_TEAM = 8K8L59XB48;
				INFOPLIST_FILE = ConcentrationTests/Info.plist;
				LD_RUNPATH_SEARCH_PATHS = (
					"$(inherited)",
					"@executable_path/Frameworks",
					"@loader_path/Frameworks",
				);
				PRODUCT_BUNDLE_IDENTIFIER = com.josenaves.cs193p.lecture.ConcentrationTests;
				PRODUCT_NAME = "$(TARGET_NAME)";
				SWIFT_VERSION = 4.0;
				TARGETED_DEVICE_FAMILY = "1,2";
				TEST_HOST = "$(BUILT_PRODUCTS_DIR)/Concentration.app/Concentration";
			};
			name = Release;
		};
		25382AC520BDE3ED00B70BEB /* Debug */ = {
			isa = XCBuildConfiguration;
			buildSettings = {
				ALWAYS_EMBED_SWIFT_STANDARD_LIBRARIES = YES;
				CODE_SIGN_STYLE = Automatic;
				DEVELOPMENT_TEAM = 8K8L59XB48;
				INFOPLIST_FILE = ConcentrationUITests/Info.plist;
				LD_RUNPATH_SEARCH_PATHS = (
					"$(inherited)",
					"@executable_path/Frameworks",
					"@loader_path/Frameworks",
				);
				PRODUCT_BUNDLE_IDENTIFIER = com.josenaves.cs193p.lecture.ConcentrationUITests;
				PRODUCT_NAME = "$(TARGET_NAME)";
				SWIFT_VERSION = 4.0;
				TARGETED_DEVICE_FAMILY = "1,2";
				TEST_TARGET_NAME = Concentration;
			};
			name = Debug;
		};
		25382AC620BDE3ED00B70BEB /* Release */ = {
			isa = XCBuildConfiguration;
			buildSettings = {
				ALWAYS_EMBED_SWIFT_STANDARD_LIBRARIES = YES;
				CODE_SIGN_STYLE = Automatic;
				DEVELOPMENT_TEAM = 8K8L59XB48;
				INFOPLIST_FILE = ConcentrationUITests/Info.plist;
				LD_RUNPATH_SEARCH_PATHS = (
					"$(inherited)",
					"@executable_path/Frameworks",
					"@loader_path/Frameworks",
				);
				PRODUCT_BUNDLE_IDENTIFIER = com.josenaves.cs193p.lecture.ConcentrationUITests;
				PRODUCT_NAME = "$(TARGET_NAME)";
				SWIFT_VERSION = 4.0;
				TARGETED_DEVICE_FAMILY = "1,2";
				TEST_TARGET_NAME = Concentration;
			};
			name = Release;
		};
/* End XCBuildConfiguration section */

/* Begin XCConfigurationList section */
		25382A9120BDE3EA00B70BEB /* Build configuration list for PBXProject "Concentration" */ = {
			isa = XCConfigurationList;
			buildConfigurations = (
				25382ABC20BDE3ED00B70BEB /* Debug */,
				25382ABD20BDE3ED00B70BEB /* Release */,
			);
			defaultConfigurationIsVisible = 0;
			defaultConfigurationName = Release;
		};
		25382ABE20BDE3ED00B70BEB /* Build configuration list for PBXNativeTarget "Concentration" */ = {
			isa = XCConfigurationList;
			buildConfigurations = (
				25382ABF20BDE3ED00B70BEB /* Debug */,
				25382AC020BDE3ED00B70BEB /* Release */,
			);
			defaultConfigurationIsVisible = 0;
			defaultConfigurationName = Release;
		};
		25382AC120BDE3ED00B70BEB /* Build configuration list for PBXNativeTarget "ConcentrationTests" */ = {
			isa = XCConfigurationList;
			buildConfigurations = (
				25382AC220BDE3ED00B70BEB /* Debug */,
				25382AC320BDE3ED00B70BEB /* Release */,
			);
			defaultConfigurationIsVisible = 0;
			defaultConfigurationName = Release;
		};
		25382AC420BDE3ED00B70BEB /* Build configuration list for PBXNativeTarget "ConcentrationUITests" */ = {
			isa = XCConfigurationList;
			buildConfigurations = (
				25382AC520BDE3ED00B70BEB /* Debug */,
				25382AC620BDE3ED00B70BEB /* Release */,
			);
			defaultConfigurationIsVisible = 0;
			defaultConfigurationName = Release;
		};
/* End XCConfigurationList section */
	};
	rootObject = 25382A8E20BDE3EA00B70BEB /* Project object */;
}
